
Microsoft Visual Studio Solution File, Format Version 12.00
# Visual Studio 2012
Project("{070BCB52-5A75-4F8C-A973-144AF0EAFCC9}") = "SAPSalesOrder", "SAPSalesOrder\SAPSalesOrder.iceproj", "{D3EF2CFF-9B29-46AB-B7E6-FB9442E28B00}"
EndProject
Global
	GlobalSection(SolutionConfigurationPlatforms) = preSolution
		Debug|Any CPU = Debug|Any CPU
		Release|Any CPU = Release|Any CPU
	EndGlobalSection
	GlobalSection(ProjectConfigurationPlatforms) = postSolution
		{D3EF2CFF-9B29-46AB-B7E6-FB9442E28B00}.Debug|Any CPU.ActiveCfg = Debug|Any CPU
		{D3EF2CFF-9B29-46AB-B7E6-FB9442E28B00}.Debug|Any CPU.Build.0 = Debug|Any CPU
		{D3EF2CFF-9B29-46AB-B7E6-FB9442E28B00}.Release|Any CPU.ActiveCfg = Release|Any CPU
		{D3EF2CFF-9B29-46AB-B7E6-FB9442E28B00}.Release|Any CPU.Build.0 = Release|Any CPU
	EndGlobalSection
	GlobalSection(SolutionProperties) = preSolution
		HideSolutionNode = FALSE
	EndGlobalSection
EndGlobal
